
Microsoft Visual Studio Solution File, Format Version 12.00
# Visual Studio Version 16
VisualStudioVersion = 16.0.31829.152
MinimumVisualStudioVersion = 10.0.40219.1
Project("{2150E333-8FDC-42A3-9474-1A3956D46DE8}") = "src", "src", "{7F8F4AC0-B5E2-48B0-859B-1301E3F07AE8}"
EndProject
Project("{9A19103F-16F7-4668-BE54-9A1E7A4F7556}") = "Template.Core", "src\Template.Core\Template.Core.csproj", "{052516D6-28A3-4476-B2F9-928EE51E349D}"
EndProject
Project("{9A19103F-16F7-4668-BE54-9A1E7A4F7556}") = "Template.Application", "src\Template.Application\Template.Application.csproj", "{EABDEDDE-5E65-4562-9178-547E32D3B7A2}"
EndProject
Project("{9A19103F-16F7-4668-BE54-9A1E7A4F7556}") = "Template.Web", "src\Template.Web\Template.Web.csproj", "{E83FCEBC-FB46-43D7-8556-2505CEAB4F3C}"
EndProject
Project("{9A19103F-16F7-4668-BE54-9A1E7A4F7556}") = "Template.Dapper", "src\Template.Dapper\Template.Dapper.csproj", "{248419F5-08E7-49D3-B29F-24FA6A5C2259}"
EndProject
Project("{2150E333-8FDC-42A3-9474-1A3956D46DE8}") = "middleware", "middleware", "{0BFD6A2C-E75F-4CD9-977A-E6642F9F52DB}"
EndProject
Project("{2150E333-8FDC-42A3-9474-1A3956D46DE8}") = "basic", "basic", "{6859AB0C-F78A-4D3D-9BF4-E22C573FCC99}"
EndProject
Project("{9A19103F-16F7-4668-BE54-9A1E7A4F7556}") = "Template.Remote", "src\Template.Remote\Template.Remote.csproj", "{214502E5-CD9F-4E67-8422-C601331E128C}"
EndProject
Project("{9A19103F-16F7-4668-BE54-9A1E7A4F7556}") = "Template.Elastic", "src\Template.Elastic\Template.Elastic.csproj", "{3F56884A-F2FF-4724-A327-65480AC1BDC4}"
EndProject
Project("{2150E333-8FDC-42A3-9474-1A3956D46DE8}") = "test", "test", "{0015BF56-7903-4C36-9A92-9717F52D5045}"
EndProject
Project("{9A19103F-16F7-4668-BE54-9A1E7A4F7556}") = "Template.HealthCheck", "src\Template.HealthCheck\Template.HealthCheck.csproj", "{723528DE-8D35-4359-AB77-877087931D03}"
EndProject
Project("{9A19103F-16F7-4668-BE54-9A1E7A4F7556}") = "Template.Static", "src\Template.Static\Template.Static.csproj", "{E19E2C61-C61D-47DA-83A9-37B2546F5BA1}"
EndProject
Project("{9A19103F-16F7-4668-BE54-9A1E7A4F7556}") = "Template.RabbitMQ", "src\Template.RabbitMQ\Template.RabbitMQ.csproj", "{99D2C15E-4E3D-40DC-8CE9-80A85B7C147C}"
EndProject
Project("{9A19103F-16F7-4668-BE54-9A1E7A4F7556}") = "Template.RabbitSend", "src\Template.RabbitSend\Template.RabbitSend.csproj", "{463F78B9-8B9D-4BEA-B8A8-100B1B00B764}"
EndProject
Project("{9A19103F-16F7-4668-BE54-9A1E7A4F7556}") = "Template.RabbitReceive", "src\Template.RabbitReceive\Template.RabbitReceive.csproj", "{A1FAE6AE-6945-41EE-8F93-35BFCED79FDE}"
EndProject
Project("{9A19103F-16F7-4668-BE54-9A1E7A4F7556}") = "Template.RabbitMQ.Test", "src\Template.RabbitMQ.Test\Template.RabbitMQ.Test.csproj", "{87567B23-53E9-4BAD-9E50-A5037BA8BE33}"
EndProject
Project("{2150E333-8FDC-42A3-9474-1A3956D46DE8}") = "dome", "dome", "{2E4E5D2E-6A65-448D-9082-E0BAF89BF44D}"
EndProject
Project("{9A19103F-16F7-4668-BE54-9A1E7A4F7556}") = "Demo.WebApi", "src\Demo.WebApi\Demo.WebApi.csproj", "{5931B62B-DB48-4916-8BE3-6B382F9C21B3}"
EndProject
Project("{FAE04EC0-301F-11D3-BF4B-00C04F79EFBC}") = "Template.Math", "src\Template.Math\Template.Math.csproj", "{2657514A-4D1D-48C0-ADE4-40E0539E521E}"
EndProject
Global
	GlobalSection(SolutionConfigurationPlatforms) = preSolution
		Debug|Any CPU = Debug|Any CPU
		Release|Any CPU = Release|Any CPU
	EndGlobalSection
	GlobalSection(ProjectConfigurationPlatforms) = postSolution
		{052516D6-28A3-4476-B2F9-928EE51E349D}.Debug|Any CPU.ActiveCfg = Debug|Any CPU
		{052516D6-28A3-4476-B2F9-928EE51E349D}.Debug|Any CPU.Build.0 = Debug|Any CPU
		{052516D6-28A3-4476-B2F9-928EE51E349D}.Release|Any CPU.ActiveCfg = Release|Any CPU
		{052516D6-28A3-4476-B2F9-928EE51E349D}.Release|Any CPU.Build.0 = Release|Any CPU
		{EABDEDDE-5E65-4562-9178-547E32D3B7A2}.Debug|Any CPU.ActiveCfg = Debug|Any CPU
		{EABDEDDE-5E65-4562-9178-547E32D3B7A2}.Debug|Any CPU.Build.0 = Debug|Any CPU
		{EABDEDDE-5E65-4562-9178-547E32D3B7A2}.Release|Any CPU.ActiveCfg = Release|Any CPU
		{EABDEDDE-5E65-4562-9178-547E32D3B7A2}.Release|Any CPU.Build.0 = Release|Any CPU
		{E83FCEBC-FB46-43D7-8556-2505CEAB4F3C}.Debug|Any CPU.ActiveCfg = Debug|Any CPU
		{E83FCEBC-FB46-43D7-8556-2505CEAB4F3C}.Debug|Any CPU.Build.0 = Debug|Any CPU
		{E83FCEBC-FB46-43D7-8556-2505CEAB4F3C}.Release|Any CPU.ActiveCfg = Release|Any CPU
		{E83FCEBC-FB46-43D7-8556-2505CEAB4F3C}.Release|Any CPU.Build.0 = Release|Any CPU
		{248419F5-08E7-49D3-B29F-24FA6A5C2259}.Debug|Any CPU.ActiveCfg = Debug|Any CPU
		{248419F5-08E7-49D3-B29F-24FA6A5C2259}.Debug|Any CPU.Build.0 = Debug|Any CPU
		{248419F5-08E7-49D3-B29F-24FA6A5C2259}.Release|Any CPU.ActiveCfg = Release|Any CPU
		{248419F5-08E7-49D3-B29F-24FA6A5C2259}.Release|Any CPU.Build.0 = Release|Any CPU
		{214502E5-CD9F-4E67-8422-C601331E128C}.Debug|Any CPU.ActiveCfg = Debug|Any CPU
		{214502E5-CD9F-4E67-8422-C601331E128C}.Debug|Any CPU.Build.0 = Debug|Any CPU
		{214502E5-CD9F-4E67-8422-C601331E128C}.Release|Any CPU.ActiveCfg = Release|Any CPU
		{214502E5-CD9F-4E67-8422-C601331E128C}.Release|Any CPU.Build.0 = Release|Any CPU
		{3F56884A-F2FF-4724-A327-65480AC1BDC4}.Debug|Any CPU.ActiveCfg = Debug|Any CPU
		{3F56884A-F2FF-4724-A327-65480AC1BDC4}.Debug|Any CPU.Build.0 = Debug|Any CPU
		{3F56884A-F2FF-4724-A327-65480AC1BDC4}.Release|Any CPU.ActiveCfg = Release|Any CPU
		{3F56884A-F2FF-4724-A327-65480AC1BDC4}.Release|Any CPU.Build.0 = Release|Any CPU
		{723528DE-8D35-4359-AB77-877087931D03}.Debug|Any CPU.ActiveCfg = Debug|Any CPU
		{723528DE-8D35-4359-AB77-877087931D03}.Debug|Any CPU.Build.0 = Debug|Any CPU
		{723528DE-8D35-4359-AB77-877087931D03}.Release|Any CPU.ActiveCfg = Release|Any CPU
		{723528DE-8D35-4359-AB77-877087931D03}.Release|Any CPU.Build.0 = Release|Any CPU
		{E19E2C61-C61D-47DA-83A9-37B2546F5BA1}.Debug|Any CPU.ActiveCfg = Debug|Any CPU
		{E19E2C61-C61D-47DA-83A9-37B2546F5BA1}.Debug|Any CPU.Build.0 = Debug|Any CPU
		{E19E2C61-C61D-47DA-83A9-37B2546F5BA1}.Release|Any CPU.ActiveCfg = Release|Any CPU
		{E19E2C61-C61D-47DA-83A9-37B2546F5BA1}.Release|Any CPU.Build.0 = Release|Any CPU
		{99D2C15E-4E3D-40DC-8CE9-80A85B7C147C}.Debug|Any CPU.ActiveCfg = Debug|Any CPU
		{99D2C15E-4E3D-40DC-8CE9-80A85B7C147C}.Debug|Any CPU.Build.0 = Debug|Any CPU
		{99D2C15E-4E3D-40DC-8CE9-80A85B7C147C}.Release|Any CPU.ActiveCfg = Release|Any CPU
		{99D2C15E-4E3D-40DC-8CE9-80A85B7C147C}.Release|Any CPU.Build.0 = Release|Any CPU
		{463F78B9-8B9D-4BEA-B8A8-100B1B00B764}.Debug|Any CPU.ActiveCfg = Debug|Any CPU
		{463F78B9-8B9D-4BEA-B8A8-100B1B00B764}.Debug|Any CPU.Build.0 = Debug|Any CPU
		{463F78B9-8B9D-4BEA-B8A8-100B1B00B764}.Release|Any CPU.ActiveCfg = Release|Any CPU
		{463F78B9-8B9D-4BEA-B8A8-100B1B00B764}.Release|Any CPU.Build.0 = Release|Any CPU
		{A1FAE6AE-6945-41EE-8F93-35BFCED79FDE}.Debug|Any CPU.ActiveCfg = Debug|Any CPU
		{A1FAE6AE-6945-41EE-8F93-35BFCED79FDE}.Debug|Any CPU.Build.0 = Debug|Any CPU
		{A1FAE6AE-6945-41EE-8F93-35BFCED79FDE}.Release|Any CPU.ActiveCfg = Release|Any CPU
		{A1FAE6AE-6945-41EE-8F93-35BFCED79FDE}.Release|Any CPU.Build.0 = Release|Any CPU
		{87567B23-53E9-4BAD-9E50-A5037BA8BE33}.Debug|Any CPU.ActiveCfg = Debug|Any CPU
		{87567B23-53E9-4BAD-9E50-A5037BA8BE33}.Debug|Any CPU.Build.0 = Debug|Any CPU
		{87567B23-53E9-4BAD-9E50-A5037BA8BE33}.Release|Any CPU.ActiveCfg = Release|Any CPU
		{87567B23-53E9-4BAD-9E50-A5037BA8BE33}.Release|Any CPU.Build.0 = Release|Any CPU
		{5931B62B-DB48-4916-8BE3-6B382F9C21B3}.Debug|Any CPU.ActiveCfg = Debug|Any CPU
		{5931B62B-DB48-4916-8BE3-6B382F9C21B3}.Debug|Any CPU.Build.0 = Debug|Any CPU
		{5931B62B-DB48-4916-8BE3-6B382F9C21B3}.Release|Any CPU.ActiveCfg = Release|Any CPU
		{5931B62B-DB48-4916-8BE3-6B382F9C21B3}.Release|Any CPU.Build.0 = Release|Any CPU
		{2657514A-4D1D-48C0-ADE4-40E0539E521E}.Debug|Any CPU.ActiveCfg = Debug|Any CPU
		{2657514A-4D1D-48C0-ADE4-40E0539E521E}.Debug|Any CPU.Build.0 = Debug|Any CPU
		{2657514A-4D1D-48C0-ADE4-40E0539E521E}.Release|Any CPU.ActiveCfg = Release|Any CPU
		{2657514A-4D1D-48C0-ADE4-40E0539E521E}.Release|Any CPU.Build.0 = Release|Any CPU
	EndGlobalSection
	GlobalSection(SolutionProperties) = preSolution
		HideSolutionNode = FALSE
	EndGlobalSection
	GlobalSection(NestedProjects) = preSolution
		{052516D6-28A3-4476-B2F9-928EE51E349D} = {7F8F4AC0-B5E2-48B0-859B-1301E3F07AE8}
		{EABDEDDE-5E65-4562-9178-547E32D3B7A2} = {7F8F4AC0-B5E2-48B0-859B-1301E3F07AE8}
		{E83FCEBC-FB46-43D7-8556-2505CEAB4F3C} = {7F8F4AC0-B5E2-48B0-859B-1301E3F07AE8}
		{248419F5-08E7-49D3-B29F-24FA6A5C2259} = {7F8F4AC0-B5E2-48B0-859B-1301E3F07AE8}
		{214502E5-CD9F-4E67-8422-C601331E128C} = {6859AB0C-F78A-4D3D-9BF4-E22C573FCC99}
		{3F56884A-F2FF-4724-A327-65480AC1BDC4} = {0BFD6A2C-E75F-4CD9-977A-E6642F9F52DB}
		{723528DE-8D35-4359-AB77-877087931D03} = {0015BF56-7903-4C36-9A92-9717F52D5045}
		{E19E2C61-C61D-47DA-83A9-37B2546F5BA1} = {6859AB0C-F78A-4D3D-9BF4-E22C573FCC99}
		{99D2C15E-4E3D-40DC-8CE9-80A85B7C147C} = {0BFD6A2C-E75F-4CD9-977A-E6642F9F52DB}
		{463F78B9-8B9D-4BEA-B8A8-100B1B00B764} = {0015BF56-7903-4C36-9A92-9717F52D5045}
		{A1FAE6AE-6945-41EE-8F93-35BFCED79FDE} = {0015BF56-7903-4C36-9A92-9717F52D5045}
		{87567B23-53E9-4BAD-9E50-A5037BA8BE33} = {0015BF56-7903-4C36-9A92-9717F52D5045}
		{5931B62B-DB48-4916-8BE3-6B382F9C21B3} = {2E4E5D2E-6A65-448D-9082-E0BAF89BF44D}
		{2657514A-4D1D-48C0-ADE4-40E0539E521E} = {0015BF56-7903-4C36-9A92-9717F52D5045}
	EndGlobalSection
	GlobalSection(ExtensibilityGlobals) = postSolution
		SolutionGuid = {6C9E3199-3CB4-4B43-8AF0-945C4425A987}
	EndGlobalSection
EndGlobal
